
Microsoft Visual Studio Solution File, Format Version 12.00
# Visual Studio 15
VisualStudioVersion = 15.0.27004.2009
MinimumVisualStudioVersion = 10.0.40219.1
Project("{FAE04EC0-301F-11D3-BF4B-00C04F79EFBC}") = "AoC_9", "AoC_9.csproj", "{A253D3E4-BDE4-4E06-9953-2145A1729F62}"
EndProject
Global
	GlobalSection(SolutionConfigurationPlatforms) = preSolution
		Debug|Any CPU = Debug|Any CPU
		Release|Any CPU = Release|Any CPU
	EndGlobalSection
	GlobalSection(ProjectConfigurationPlatforms) = postSolution
		{A253D3E4-BDE4-4E06-9953-2145A1729F62}.Debug|Any CPU.ActiveCfg = Debug|Any CPU
		{A253D3E4-BDE4-4E06-9953-2145A1729F62}.Debug|Any CPU.Build.0 = Debug|Any CPU
		{A253D3E4-BDE4-4E06-9953-2145A1729F62}.Release|Any CPU.ActiveCfg = Release|Any CPU
		{A253D3E4-BDE4-4E06-9953-2145A1729F62}.Release|Any CPU.Build.0 = Release|Any CPU
	EndGlobalSection
	GlobalSection(SolutionProperties) = preSolution
		HideSolutionNode = FALSE
	EndGlobalSection
	GlobalSection(ExtensibilityGlobals) = postSolution
		SolutionGuid = {B3E92697-EEDA-4BA8-9AED-2118E98CA202}
	EndGlobalSection
EndGlobal
