
Microsoft Visual Studio Solution File, Format Version 12.00
# Visual Studio 15
VisualStudioVersion = 15.0.27004.2009
MinimumVisualStudioVersion = 10.0.40219.1
Project("{FAE04EC0-301F-11D3-BF4B-00C04F79EFBC}") = "AoC_7", "AoC_7.csproj", "{7CB4B13B-BCA2-4946-B179-F489D598C6FE}"
EndProject
Global
	GlobalSection(SolutionConfigurationPlatforms) = preSolution
		Debug|Any CPU = Debug|Any CPU
		Release|Any CPU = Release|Any CPU
	EndGlobalSection
	GlobalSection(ProjectConfigurationPlatforms) = postSolution
		{7CB4B13B-BCA2-4946-B179-F489D598C6FE}.Debug|Any CPU.ActiveCfg = Debug|Any CPU
		{7CB4B13B-BCA2-4946-B179-F489D598C6FE}.Debug|Any CPU.Build.0 = Debug|Any CPU
		{7CB4B13B-BCA2-4946-B179-F489D598C6FE}.Release|Any CPU.ActiveCfg = Release|Any CPU
		{7CB4B13B-BCA2-4946-B179-F489D598C6FE}.Release|Any CPU.Build.0 = Release|Any CPU
	EndGlobalSection
	GlobalSection(SolutionProperties) = preSolution
		HideSolutionNode = FALSE
	EndGlobalSection
	GlobalSection(ExtensibilityGlobals) = postSolution
		SolutionGuid = {E57CCFA1-FEAF-49AB-8D57-C4FF41308D8C}
	EndGlobalSection
EndGlobal
