
Microsoft Visual Studio Solution File, Format Version 12.00
# Visual Studio 15
VisualStudioVersion = 15.0.27004.2009
MinimumVisualStudioVersion = 10.0.40219.1
Project("{FAE04EC0-301F-11D3-BF4B-00C04F79EFBC}") = "AoC_11", "AoC_11.csproj", "{43CACE78-31FD-4324-B340-585FC955883E}"
EndProject
Global
	GlobalSection(SolutionConfigurationPlatforms) = preSolution
		Debug|Any CPU = Debug|Any CPU
		Release|Any CPU = Release|Any CPU
	EndGlobalSection
	GlobalSection(ProjectConfigurationPlatforms) = postSolution
		{43CACE78-31FD-4324-B340-585FC955883E}.Debug|Any CPU.ActiveCfg = Debug|Any CPU
		{43CACE78-31FD-4324-B340-585FC955883E}.Debug|Any CPU.Build.0 = Debug|Any CPU
		{43CACE78-31FD-4324-B340-585FC955883E}.Release|Any CPU.ActiveCfg = Release|Any CPU
		{43CACE78-31FD-4324-B340-585FC955883E}.Release|Any CPU.Build.0 = Release|Any CPU
	EndGlobalSection
	GlobalSection(SolutionProperties) = preSolution
		HideSolutionNode = FALSE
	EndGlobalSection
	GlobalSection(ExtensibilityGlobals) = postSolution
		SolutionGuid = {3A6AA6FB-3E0D-45D6-95C3-F60B4E972F7A}
	EndGlobalSection
EndGlobal
