
Microsoft Visual Studio Solution File, Format Version 12.00
# Visual Studio 15
VisualStudioVersion = 15.0.27004.2009
MinimumVisualStudioVersion = 10.0.40219.1
Project("{FAE04EC0-301F-11D3-BF4B-00C04F79EFBC}") = "AoC_12", "AoC_12.csproj", "{841E7612-D789-48D0-B4A8-8E63643FEE9A}"
EndProject
Global
	GlobalSection(SolutionConfigurationPlatforms) = preSolution
		Debug|Any CPU = Debug|Any CPU
		Release|Any CPU = Release|Any CPU
	EndGlobalSection
	GlobalSection(ProjectConfigurationPlatforms) = postSolution
		{841E7612-D789-48D0-B4A8-8E63643FEE9A}.Debug|Any CPU.ActiveCfg = Debug|Any CPU
		{841E7612-D789-48D0-B4A8-8E63643FEE9A}.Debug|Any CPU.Build.0 = Debug|Any CPU
		{841E7612-D789-48D0-B4A8-8E63643FEE9A}.Release|Any CPU.ActiveCfg = Release|Any CPU
		{841E7612-D789-48D0-B4A8-8E63643FEE9A}.Release|Any CPU.Build.0 = Release|Any CPU
	EndGlobalSection
	GlobalSection(SolutionProperties) = preSolution
		HideSolutionNode = FALSE
	EndGlobalSection
	GlobalSection(ExtensibilityGlobals) = postSolution
		SolutionGuid = {FD938F78-A5F8-4E58-BD84-817719E2D69C}
	EndGlobalSection
EndGlobal
